version: 6
environments:
  default:
    channels:
    - url: https://conda.anaconda.org/conda-forge/
    packages:
      osx-arm64:
      - conda: https://conda.anaconda.org/conda-forge/osx-arm64/_openmp_mutex-4.5-7_kmp_llvm.conda
      - conda: https://conda.anaconda.org/conda-forge/osx-arm64/brotli-1.2.0-h7d5ae5b_1.conda
      - conda: https://conda.anaconda.org/conda-forge/osx-arm64/brotli-bin-1.2.0-hc919400_1.conda
      - conda: https://conda.anaconda.org/conda-forge/osx-arm64/bzip2-1.0.8-hd037594_9.conda
      - conda: https://conda.anaconda.org/conda-forge/noarch/ca-certificates-2026.4.22-hbd8a1cb_0.conda
      - conda: https://conda.anaconda.org/conda-forge/osx-arm64/contourpy-1.3.3-py314hf8a3a22_4.conda
      - conda: https://conda.anaconda.org/conda-forge/noarch/cycler-0.12.1-pyhcf101f3_2.conda
      - conda: https://conda.anaconda.org/conda-forge/noarch/fonttools-4.63.0-pyh7db6752_0.conda
      - conda: https://conda.anaconda.org/conda-forge/osx-arm64/freetype-2.14.3-hce30654_0.conda
      - conda: https://conda.anaconda.org/conda-forge/osx-arm64/kiwisolver-1.5.0-py314hf8a3a22_0.conda
      - conda: https://conda.anaconda.org/conda-forge/osx-arm64/lcms2-2.19.1-hdfa7624_0.conda
      - conda: https://conda.anaconda.org/conda-forge/osx-arm64/lerc-4.1.0-h1eee2c3_0.conda
      - conda: https://conda.anaconda.org/conda-forge/osx-arm64/libblas-3.11.0-7_h51639a9_openblas.conda
      - conda: https://conda.anaconda.org/conda-forge/osx-arm64/libbrotlicommon-1.2.0-hc919400_1.conda
      - conda: https://conda.anaconda.org/conda-forge/osx-arm64/libbrotlidec-1.2.0-hc919400_1.conda
      - conda: https://conda.anaconda.org/conda-forge/osx-arm64/libbrotlienc-1.2.0-hc919400_1.conda
      - conda: https://conda.anaconda.org/conda-forge/osx-arm64/libcblas-3.11.0-7_hb0561ab_openblas.conda
      - conda: https://conda.anaconda.org/conda-forge/osx-arm64/libcxx-22.1.5-h55c6f16_1.conda
      - conda: https://conda.anaconda.org/conda-forge/osx-arm64/libdeflate-1.25-hc11a715_0.conda
      - conda: https://conda.anaconda.org/conda-forge/osx-arm64/libexpat-2.8.0-hf6b4638_0.conda
      - conda: https://conda.anaconda.org/conda-forge/osx-arm64/libffi-3.5.2-hcf2aa1b_0.conda
      - conda: https://conda.anaconda.org/conda-forge/osx-arm64/libfreetype-2.14.3-hce30654_0.conda
      - conda: https://conda.anaconda.org/conda-forge/osx-arm64/libfreetype6-2.14.3-hdfa99f5_0.conda
      - conda: https://conda.anaconda.org/conda-forge/osx-arm64/libgcc-15.2.0-hcbb3090_19.conda
      - conda: https://conda.anaconda.org/conda-forge/osx-arm64/libgfortran-15.2.0-h07b0088_19.conda
      - conda: https://conda.anaconda.org/conda-forge/osx-arm64/libgfortran5-15.2.0-hdae7583_19.conda
      - conda: https://conda.anaconda.org/conda-forge/osx-arm64/libjpeg-turbo-3.1.4.1-h84a0fba_0.conda
      - conda: https://conda.anaconda.org/conda-forge/osx-arm64/liblapack-3.11.0-7_hd9741b5_openblas.conda
      - conda: https://conda.anaconda.org/conda-forge/osx-arm64/liblzma-5.8.3-h8088a28_0.conda
      - conda: https://conda.anaconda.org/conda-forge/osx-arm64/libmpdec-4.0.0-h84a0fba_1.conda
      - conda: https://conda.anaconda.org/conda-forge/osx-arm64/libopenblas-0.3.33-openmp_he657e61_0.conda
      - conda: https://conda.anaconda.org/conda-forge/osx-arm64/libpng-1.6.58-h132b30e_0.conda
      - conda: https://conda.anaconda.org/conda-forge/osx-arm64/libsqlite-3.53.1-h1b79a29_0.conda
      - conda: https://conda.anaconda.org/conda-forge/osx-arm64/libtiff-4.7.1-h4030677_1.conda
      - conda: https://conda.anaconda.org/conda-forge/osx-arm64/libwebp-base-1.6.0-h07db88b_0.conda
      - conda: https://conda.anaconda.org/conda-forge/osx-arm64/libxcb-1.17.0-hdb1d25a_0.conda
      - conda: https://conda.anaconda.org/conda-forge/osx-arm64/libzlib-1.3.2-h8088a28_2.conda
      - conda: https://conda.anaconda.org/conda-forge/osx-arm64/llvm-openmp-22.1.5-hc7d1edf_1.conda
      - conda: https://conda.anaconda.org/conda-forge/osx-arm64/matplotlib-3.10.9-py314he55896b_0.conda
      - conda: https://conda.anaconda.org/conda-forge/osx-arm64/matplotlib-base-3.10.9-py314hc042b31_0.conda
      - conda: https://conda.anaconda.org/conda-forge/noarch/munkres-1.1.4-pyhd8ed1ab_1.conda
      - conda: https://conda.anaconda.org/conda-forge/osx-arm64/ncurses-6.6-h1d4f5a5_0.conda
      - conda: https://conda.anaconda.org/conda-forge/osx-arm64/numpy-2.4.6-py314hb79c6fa_0.conda
      - conda: https://conda.anaconda.org/conda-forge/osx-arm64/openjpeg-2.5.4-hd9e9057_0.conda
      - conda: https://conda.anaconda.org/conda-forge/osx-arm64/openssl-3.5.6-hd24854e_0.conda
      - conda: https://conda.anaconda.org/conda-forge/noarch/packaging-26.2-pyhc364b38_0.conda
      - conda: https://conda.anaconda.org/conda-forge/osx-arm64/pillow-12.2.0-py314hab283cf_0.conda
      - conda: https://conda.anaconda.org/conda-forge/osx-arm64/pthread-stubs-0.4-hd74edd7_1002.conda
      - conda: https://conda.anaconda.org/conda-forge/noarch/pyparsing-3.3.2-pyhcf101f3_0.conda
      - conda: https://conda.anaconda.org/conda-forge/osx-arm64/python-3.14.4-h4c637c5_100_cp314.conda
      - conda: https://conda.anaconda.org/conda-forge/noarch/python-dateutil-2.9.0.post0-pyhe01879c_2.conda
      - conda: https://conda.anaconda.org/conda-forge/noarch/python_abi-3.14-8_cp314.conda
      - conda: https://conda.anaconda.org/conda-forge/osx-arm64/qhull-2020.2-h420ef59_5.conda
      - conda: https://conda.anaconda.org/conda-forge/osx-arm64/readline-8.3-h46df422_0.conda
      - conda: https://conda.anaconda.org/conda-forge/noarch/six-1.17.0-pyhe01879c_1.conda
      - conda: https://conda.anaconda.org/conda-forge/osx-arm64/tk-8.6.13-h010d191_3.conda
      - conda: https://conda.anaconda.org/conda-forge/osx-arm64/tornado-6.5.5-py314h6c2aa35_0.conda
      - conda: https://conda.anaconda.org/conda-forge/noarch/tzdata-2025c-hc9c84f9_1.conda
      - conda: https://conda.anaconda.org/conda-forge/osx-arm64/unicodedata2-17.0.1-py314h6c2aa35_0.conda
      - conda: https://conda.anaconda.org/conda-forge/osx-arm64/xorg-libxau-1.0.12-hc919400_1.conda
      - conda: https://conda.anaconda.org/conda-forge/osx-arm64/xorg-libxdmcp-1.1.5-hc919400_1.conda
      - conda: https://conda.anaconda.org/conda-forge/osx-arm64/zlib-ng-2.3.3-hed4e4f5_1.conda
      - conda: https://conda.anaconda.org/conda-forge/osx-arm64/zstd-1.5.7-hbf9d68e_6.conda
packages:
- conda: https://conda.anaconda.org/conda-forge/osx-arm64/_openmp_mutex-4.5-7_kmp_llvm.conda
  build_number: 7
  sha256: 7acaa2e0782cad032bdaf756b536874346ac1375745fb250e9bdd6a48a7ab3cd
  md5: a44032f282e7d2acdeb1c240308052dd
  depends:
  - llvm-openmp >=9.0.1
  arch: arm64
  platform: osx
  license: BSD-3-Clause
  license_family: BSD
  size: 8325
  timestamp: 1764092507920
- conda: https://conda.anaconda.org/conda-forge/osx-arm64/brotli-1.2.0-h7d5ae5b_1.conda
  sha256: 422ac5c91f8ef07017c594d9135b7ae068157393d2a119b1908c7e350938579d
  md5: 48ece20aa479be6ac9a284772827d00c
  depends:
  - __osx >=11.0
  - brotli-bin 1.2.0 hc919400_1
  - libbrotlidec 1.2.0 hc919400_1
  - libbrotlienc 1.2.0 hc919400_1
  arch: arm64
  platform: osx
  license: MIT
  license_family: MIT
  size: 20237
  timestamp: 1764018058424
- conda: https://conda.anaconda.org/conda-forge/osx-arm64/brotli-bin-1.2.0-hc919400_1.conda
  sha256: e2d142052a83ff2e8eab3fe68b9079cad80d109696dc063a3f92275802341640
  md5: 377d015c103ad7f3371be1777f8b584c
  depends:
  - __osx >=11.0
  - libbrotlidec 1.2.0 hc919400_1
  - libbrotlienc 1.2.0 hc919400_1
  arch: arm64
  platform: osx
  license: MIT
  license_family: MIT
  size: 18628
  timestamp: 1764018033635
- conda: https://conda.anaconda.org/conda-forge/osx-arm64/bzip2-1.0.8-hd037594_9.conda
  sha256: 540fe54be35fac0c17feefbdc3e29725cce05d7367ffedfaaa1bdda234b019df
  md5: 620b85a3f45526a8bc4d23fd78fc22f0
  depends:
  - __osx >=11.0
  arch: arm64
  platform: osx
  license: bzip2-1.0.6
  license_family: BSD
  size: 124834
  timestamp: 1771350416561
- conda: https://conda.anaconda.org/conda-forge/noarch/ca-certificates-2026.4.22-hbd8a1cb_0.conda
  sha256: c9dbcc8039a52023660d6d1bbf87594a93dd69c6ac5a2a44323af2c92976728d
  md5: e18ad67cf881dcadee8b8d9e2f8e5f73
  depends:
  - __unix
  license: ISC
  size: 131039
  timestamp: 1776865545798
- conda: https://conda.anaconda.org/conda-forge/osx-arm64/contourpy-1.3.3-py314hf8a3a22_4.conda
  sha256: 754ab72f1c1ae99ef7c57995f59224dc9632cbd6731fe7e6277437fd01d43156
  md5: cddc851000ce131d757678c2f329eaad
  depends:
  - numpy >=1.25
  - python
  - python 3.14.* *_cp314
  - __osx >=11.0
  - libcxx >=19
  - python_abi 3.14.* *_cp314
  arch: arm64
  platform: osx
  license: BSD-3-Clause
  license_family: BSD
  size: 290405
  timestamp: 1769156069514
- conda: https://conda.anaconda.org/conda-forge/noarch/cycler-0.12.1-pyhcf101f3_2.conda
  sha256: bb47aec5338695ff8efbddbc669064a3b10fe34ad881fb8ad5d64fbfa6910ed1
  md5: 4c2a8fef270f6c69591889b93f9f55c1
  depends:
  - python >=3.10
  - python
  license: BSD-3-Clause
  license_family: BSD
  size: 14778
  timestamp: 1764466758386
- conda: https://conda.anaconda.org/conda-forge/noarch/fonttools-4.63.0-pyh7db6752_0.conda
  sha256: c9752235f1ff7061d834e5e4a3d0adf71ebeeff2b3fad82dab607edce7f70c91
  md5: 0509ee74d95e5b98eb6fe2a47760e399
  depends:
  - brotli
  - munkres
  - python >=3.10
  - unicodedata2 >=15.1.0
  track_features:
  - fonttools_no_compile
  license: MIT
  license_family: MIT
  size: 846038
  timestamp: 1778770337113
- conda: https://conda.anaconda.org/conda-forge/osx-arm64/freetype-2.14.3-hce30654_0.conda
  sha256: 5952bd9db12207a18a112e8924aa2ce8c2f9d57b62584d58a97d2f6afe1ea324
  md5: 6dcc75ba2e04c555e881b72793d3282f
  depends:
  - libfreetype 2.14.3 hce30654_0
  - libfreetype6 2.14.3 hdfa99f5_0
  arch: arm64
  platform: osx
  license: GPL-2.0-only OR FTL
  size: 173313
  timestamp: 1774298702053
- conda: https://conda.anaconda.org/conda-forge/osx-arm64/kiwisolver-1.5.0-py314hf8a3a22_0.conda
  sha256: 840de1b0ba2fa646475bc53ba0f723c8a13e66139633a070831b8279deaa7c64
  md5: eb1465d8a644ef290d18fb86af6e9bc4
  depends:
  - python
  - python 3.14.* *_cp314
  - libcxx >=19
  - __osx >=11.0
  - python_abi 3.14.* *_cp314
  arch: arm64
  platform: osx
  license: BSD-3-Clause
  license_family: BSD
  size: 69284
  timestamp: 1773067285911
- conda: https://conda.anaconda.org/conda-forge/osx-arm64/lcms2-2.19.1-hdfa7624_0.conda
  sha256: d589ff5294e42576563b22bdea0860cb80b0cbe0f3852836eddaadedf6eec4ef
  md5: e5ba982008c0ac1a1c0154617371bab5
  depends:
  - __osx >=11.0
  - libjpeg-turbo >=3.1.4.1,<4.0a0
  - libtiff >=4.7.1,<4.8.0a0
  arch: arm64
  platform: osx
  license: MIT
  license_family: MIT
  size: 212998
  timestamp: 1778079809873
- conda: https://conda.anaconda.org/conda-forge/osx-arm64/lerc-4.1.0-h1eee2c3_0.conda
  sha256: 66e5ffd301a44da696f3efc2f25d6d94f42a9adc0db06c44ad753ab844148c51
  md5: 095e5749868adab9cae42d4b460e5443
  depends:
  - __osx >=11.0
  - libcxx >=19
  arch: arm64
  platform: osx
  license: Apache-2.0
  license_family: Apache
  size: 164222
  timestamp: 1773114244984
- conda: https://conda.anaconda.org/conda-forge/osx-arm64/libblas-3.11.0-7_h51639a9_openblas.conda
  build_number: 7
  sha256: 662935bfb93d2d097e26e273a3a2f504a9f833f64aa6f9e295b577655478c39b
  md5: ab6670d099d19fe70cb9efb88a1b5f78
  depends:
  - libopenblas >=0.3.33,<0.3.34.0a0
  - libopenblas >=0.3.33,<1.0a0
  constrains:
  - libcblas   3.11.0   7*_openblas
  - blas 2.307   openblas
  - mkl <2027
  - liblapack  3.11.0   7*_openblas
  - liblapacke 3.11.0   7*_openblas
  arch: arm64
  platform: osx
  license: BSD-3-Clause
  license_family: BSD
  size: 18783
  timestamp: 1778489983152
- conda: https://conda.anaconda.org/conda-forge/osx-arm64/libbrotlicommon-1.2.0-hc919400_1.conda
  sha256: a7cb9e660531cf6fbd4148cff608c85738d0b76f0975c5fc3e7d5e92840b7229
  md5: 006e7ddd8a110771134fcc4e1e3a6ffa
  depends:
  - __osx >=11.0
  arch: arm64
  platform: osx
  license: MIT
  license_family: MIT
  size: 79443
  timestamp: 1764017945924
- conda: https://conda.anaconda.org/conda-forge/osx-arm64/libbrotlidec-1.2.0-hc919400_1.conda
  sha256: 2eae444039826db0454b19b52a3390f63bfe24f6b3e63089778dd5a5bf48b6bf
  md5: 079e88933963f3f149054eec2c487bc2
  depends:
  - __osx >=11.0
  - libbrotlicommon 1.2.0 hc919400_1
  arch: arm64
  platform: osx
  license: MIT
  license_family: MIT
  size: 29452
  timestamp: 1764017979099
- conda: https://conda.anaconda.org/conda-forge/osx-arm64/libbrotlienc-1.2.0-hc919400_1.conda
  sha256: 01436c32bb41f9cb4bcf07dda647ce4e5deb8307abfc3abdc8da5317db8189d1
  md5: b2b7c8288ca1a2d71ff97a8e6a1e8883
  depends:
  - __osx >=11.0
  - libbrotlicommon 1.2.0 hc919400_1
  arch: arm64
  platform: osx
  license: MIT
  license_family: MIT
  size: 290754
  timestamp: 1764018009077
- conda: https://conda.anaconda.org/conda-forge/osx-arm64/libcblas-3.11.0-7_hb0561ab_openblas.conda
  build_number: 7
  sha256: 3ac3d27022b3ca8b1980c087e0ede250434f6ed90a4fdc78a8a5ed382bc75505
  md5: 189b373453ec3904095dcb16f502bace
  depends:
  - libblas 3.11.0 7_h51639a9_openblas
  constrains:
  - blas 2.307   openblas
  - liblapack  3.11.0   7*_openblas
  - liblapacke 3.11.0   7*_openblas
  arch: arm64
  platform: osx
  license: BSD-3-Clause
  license_family: BSD
  size: 18810
  timestamp: 1778489991330
- conda: https://conda.anaconda.org/conda-forge/osx-arm64/libcxx-22.1.5-h55c6f16_1.conda
  sha256: dddd01bd6b338221342a89530a1caffe6051a70cc8f8b1d8bb591d5447a3c603
  md5: ff484b683fecf1e875dfc7aa01d19796
  depends:
  - __osx >=11.0
  arch: arm64
  platform: osx
  license: Apache-2.0 WITH LLVM-exception
  license_family: Apache
  size: 569359
  timestamp: 1778191546305
- conda: https://conda.anaconda.org/conda-forge/osx-arm64/libdeflate-1.25-hc11a715_0.conda
  sha256: 5e0b6961be3304a5f027a8c00bd0967fc46ae162cffb7553ff45c70f51b8314c
  md5: a6130c709305cd9828b4e1bd9ba0000c
  depends:
  - __osx >=11.0
  arch: arm64
  platform: osx
  license: MIT
  license_family: MIT
  size: 55420
  timestamp: 1761980066242
- conda: https://conda.anaconda.org/conda-forge/osx-arm64/libexpat-2.8.0-hf6b4638_0.conda
  sha256: f4b1cafc59afaede8fa0a2d9cf376840f1c553001acd72f6ead18bbc8ac8c49c
  md5: 65466e82c09e888ca7560c11a97d5450
  depends:
  - __osx >=11.0
  constrains:
  - expat 2.8.0.*
  arch: arm64
  platform: osx
  license: MIT
  license_family: MIT
  size: 68789
  timestamp: 1777846180142
- conda: https://conda.anaconda.org/conda-forge/osx-arm64/libffi-3.5.2-hcf2aa1b_0.conda
  sha256: 6686a26466a527585e6a75cc2a242bf4a3d97d6d6c86424a441677917f28bec7
  md5: 43c04d9cb46ef176bb2a4c77e324d599
  depends:
  - __osx >=11.0
  arch: arm64
  platform: osx
  license: MIT
  license_family: MIT
  size: 40979
  timestamp: 1769456747661
- conda: https://conda.anaconda.org/conda-forge/osx-arm64/libfreetype-2.14.3-hce30654_0.conda
  sha256: a047a2f238362a37d484f9620e8cba29f513a933cd9eb68571ad4b270d6f8f3e
  md5: f73b109d49568d5d1dda43bb147ae37f
  depends:
  - libfreetype6 >=2.14.3
  arch: arm64
  platform: osx
  license: GPL-2.0-only OR FTL
  size: 8091
  timestamp: 1774298691258
- conda: https://conda.anaconda.org/conda-forge/osx-arm64/libfreetype6-2.14.3-hdfa99f5_0.conda
  sha256: ff764608e1f2839e95e2cf9b243681475f8778c36af7a42b3f78f476fdbb1dd3
  md5: e98ba7b5f09a5f450eca083d5a1c4649
  depends:
  - __osx >=11.0
  - libpng >=1.6.55,<1.7.0a0
  - libzlib >=1.3.2,<2.0a0
  constrains:
  - freetype >=2.14.3
  arch: arm64
  platform: osx
  license: GPL-2.0-only OR FTL
  size: 338085
  timestamp: 1774298689297
- conda: https://conda.anaconda.org/conda-forge/osx-arm64/libgcc-15.2.0-hcbb3090_19.conda
  sha256: 06644fa4d34d57c9e48f4d84b1256f9e5f654fdb37f43acc8a58a396952d42b7
  md5: 644058123986582db33aebd4ae2ca184
  depends:
  - _openmp_mutex
  constrains:
  - libgcc-ng ==15.2.0=*_19
  - libgomp 15.2.0 19
  arch: arm64
  platform: osx
  license: GPL-3.0-only WITH GCC-exception-3.1
  license_family: GPL
  size: 404080
  timestamp: 1778273064154
- conda: https://conda.anaconda.org/conda-forge/osx-arm64/libgfortran-15.2.0-h07b0088_19.conda
  sha256: d4837b3b9b30af3132d260225e91ab9dde83be04c59513f500cc81050fb37486
  md5: 1ea03f87cdb1078fbc0e2b2deb63752c
  depends:
  - libgfortran5 15.2.0 hdae7583_19
  constrains:
  - libgfortran-ng ==15.2.0=*_19
  arch: arm64
  platform: osx
  license: GPL-3.0-only WITH GCC-exception-3.1
  license_family: GPL
  size: 139675
  timestamp: 1778273280875
- conda: https://conda.anaconda.org/conda-forge/osx-arm64/libgfortran5-15.2.0-hdae7583_19.conda
  sha256: d0a68b7a121d115b80c169e24d1265dcc25a3fe58d107df1bbc430797e226d88
  md5: ba36d8c606a6a53fe0b8c12d47267b3d
  depends:
  - libgcc >=15.2.0
  constrains:
  - libgfortran 15.2.0
  arch: arm64
  platform: osx
  license: GPL-3.0-only WITH GCC-exception-3.1
  license_family: GPL
  size: 599691
  timestamp: 1778273075448
- conda: https://conda.anaconda.org/conda-forge/osx-arm64/libjpeg-turbo-3.1.4.1-h84a0fba_0.conda
  sha256: 17e035ae6a520ff6a6bb5dd93a4a7c3895891f4f9743bcb8c6ef607445a31cd0
  md5: b8a7544c83a67258b0e8592ec6a5d322
  depends:
  - __osx >=11.0
  constrains:
  - jpeg <0.0.0a
  arch: arm64
  platform: osx
  license: IJG AND BSD-3-Clause AND Zlib
  size: 555681
  timestamp: 1775962975624
- conda: https://conda.anaconda.org/conda-forge/osx-arm64/liblapack-3.11.0-7_hd9741b5_openblas.conda
  build_number: 7
  sha256: ff3018918ca8b22173dcb231842e819767fd05a08df61483eb5f3e9f2895d114
  md5: d1289ad41d5a78e2269eea3a2d7f0c7d
  depends:
  - libblas 3.11.0 7_h51639a9_openblas
  constrains:
  - libcblas   3.11.0   7*_openblas
  - blas 2.307   openblas
  - liblapacke 3.11.0   7*_openblas
  arch: arm64
  platform: osx
  license: BSD-3-Clause
  license_family: BSD
  size: 18780
  timestamp: 1778490000843
- conda: https://conda.anaconda.org/conda-forge/osx-arm64/liblzma-5.8.3-h8088a28_0.conda
  sha256: 34878d87275c298f1a732c6806349125cebbf340d24c6c23727268184bba051e
  md5: b1fd823b5ae54fbec272cea0811bd8a9
  depends:
  - __osx >=11.0
  constrains:
  - xz 5.8.3.*
  arch: arm64
  platform: osx
  license: 0BSD
  size: 92472
  timestamp: 1775825802659
- conda: https://conda.anaconda.org/conda-forge/osx-arm64/libmpdec-4.0.0-h84a0fba_1.conda
  sha256: 1089c7f15d5b62c622625ec6700732ece83be8b705da8c6607f4dabb0c4bd6d2
  md5: 57c4be259f5e0b99a5983799a228ae55
  depends:
  - __osx >=11.0
  arch: arm64
  platform: osx
  license: BSD-2-Clause
  license_family: BSD
  size: 73690
  timestamp: 1769482560514
- conda: https://conda.anaconda.org/conda-forge/osx-arm64/libopenblas-0.3.33-openmp_he657e61_0.conda
  sha256: 9dd455b2d172aeedfa2058d324b5b5822b0bc1b7c1f32cd183d7078540d2f6eb
  md5: 909e41855c29f0d52ae630198cd57135
  depends:
  - __osx >=11.0
  - libgfortran
  - libgfortran5 >=14.3.0
  - llvm-openmp >=19.1.7
  constrains:
  - openblas >=0.3.33,<0.3.34.0a0
  arch: arm64
  platform: osx
  license: BSD-3-Clause
  license_family: BSD
  size: 4304965
  timestamp: 1776995497368
- conda: https://conda.anaconda.org/conda-forge/osx-arm64/libpng-1.6.58-h132b30e_0.conda
  sha256: 66eae34546df1f098a67064970c92aa14ae7a7505091889e00468294d2882c36
  md5: 2259ae0949dbe20c0665850365109b27
  depends:
  - __osx >=11.0
  - libzlib >=1.3.2,<2.0a0
  arch: arm64
  platform: osx
  license: zlib-acknowledgement
  size: 289546
  timestamp: 1776315246750
- conda: https://conda.anaconda.org/conda-forge/osx-arm64/libsqlite-3.53.1-h1b79a29_0.conda
  sha256: 49daec7c83e70d4efc17b813547824bc2bcf2f7256d84061d24fbfe537da9f74
  md5: 6681822ea9d362953206352371b6a904
  depends:
  - __osx >=11.0
  - libzlib >=1.3.2,<2.0a0
  arch: arm64
  platform: osx
  license: blessing
  size: 920047
  timestamp: 1777987051643
- conda: https://conda.anaconda.org/conda-forge/osx-arm64/libtiff-4.7.1-h4030677_1.conda
  sha256: e9248077b3fa63db94caca42c8dbc6949c6f32f94d1cafad127f9005d9b1507f
  md5: e2a72ab2fa54ecb6abab2b26cde93500
  depends:
  - __osx >=11.0
  - lerc >=4.0.0,<5.0a0
  - libcxx >=19
  - libdeflate >=1.25,<1.26.0a0
  - libjpeg-turbo >=3.1.0,<4.0a0
  - liblzma >=5.8.1,<6.0a0
  - libwebp-base >=1.6.0,<2.0a0
  - libzlib >=1.3.1,<2.0a0
  - zstd >=1.5.7,<1.6.0a0
  arch: arm64
  platform: osx
  license: HPND
  size: 373892
  timestamp: 1762022345545
- conda: https://conda.anaconda.org/conda-forge/osx-arm64/libwebp-base-1.6.0-h07db88b_0.conda
  sha256: a4de3f371bb7ada325e1f27a4ef7bcc81b2b6a330e46fac9c2f78ac0755ea3dd
  md5: e5e7d467f80da752be17796b87fe6385
  depends:
  - __osx >=11.0
  constrains:
  - libwebp 1.6.0
  arch: arm64
  platform: osx
  license: BSD-3-Clause
  license_family: BSD
  size: 294974
  timestamp: 1752159906788
- conda: https://conda.anaconda.org/conda-forge/osx-arm64/libxcb-1.17.0-hdb1d25a_0.conda
  sha256: bd3816218924b1e43b275863e21a3e13a5db4a6da74cca8e60bc3c213eb62f71
  md5: af523aae2eca6dfa1c8eec693f5b9a79
  depends:
  - __osx >=11.0
  - pthread-stubs
  - xorg-libxau >=1.0.11,<2.0a0
  - xorg-libxdmcp
  arch: arm64
  platform: osx
  license: MIT
  license_family: MIT
  size: 323658
  timestamp: 1727278733917
- conda: https://conda.anaconda.org/conda-forge/osx-arm64/libzlib-1.3.2-h8088a28_2.conda
  sha256: 361415a698514b19a852f5d1123c5da746d4642139904156ddfca7c922d23a05
  md5: bc5a5721b6439f2f62a84f2548136082
  depends:
  - __osx >=11.0
  constrains:
  - zlib 1.3.2 *_2
  arch: arm64
  platform: osx
  license: Zlib
  license_family: Other
  size: 47759
  timestamp: 1774072956767
- conda: https://conda.anaconda.org/conda-forge/osx-arm64/llvm-openmp-22.1.5-hc7d1edf_1.conda
  sha256: 2cd49562feda2bf324651050b2b035080fd635ed0f1c96c9ce7a59eff3cc0029
  md5: 8a4e2a54034b35bc6fa5bf9282913f45
  depends:
  - __osx >=11.0
  constrains:
  - openmp 22.1.5|22.1.5.*
  - intel-openmp <0.0a0
  arch: arm64
  platform: osx
  license: Apache-2.0 WITH LLVM-exception
  license_family: APACHE
  size: 285806
  timestamp: 1778447786965
- conda: https://conda.anaconda.org/conda-forge/osx-arm64/matplotlib-3.10.9-py314he55896b_0.conda
  sha256: eeb9253f5a6c1a5b1251076088a4180f456a2d01048629ac1dc376d2f404e14a
  md5: 553de53f80d4eeef68ff2b2ec225ed5f
  depends:
  - matplotlib-base >=3.10.9,<3.10.10.0a0
  - python >=3.14,<3.15.0a0
  - python_abi 3.14.* *_cp314
  - tornado >=5
  arch: arm64
  platform: osx
  license: PSF-2.0
  license_family: PSF
  size: 17814
  timestamp: 1777001592449
- conda: https://conda.anaconda.org/conda-forge/osx-arm64/matplotlib-base-3.10.9-py314hc042b31_0.conda
  sha256: 8c1912582f457a40e39b9770dc2417c804f5ab1eb1ce73860d24a1414fb56145
  md5: 3252e58ac5ade3ba2dacd5dacfa6e7b8
  depends:
  - __osx >=11.0
  - contourpy >=1.0.1
  - cycler >=0.10
  - fonttools >=4.22.0
  - freetype
  - kiwisolver >=1.3.1
  - libcxx >=19
  - libfreetype >=2.14.3
  - libfreetype6 >=2.14.3
  - numpy >=1.23
  - numpy >=1.23,<3
  - packaging >=20.0
  - pillow >=8
  - pyparsing >=2.3.1
  - python >=3.14,<3.15.0a0
  - python >=3.14,<3.15.0a0 *_cp314
  - python-dateutil >=2.7
  - python_abi 3.14.* *_cp314
  - qhull >=2020.2,<2020.3.0a0
  arch: arm64
  platform: osx
  license: PSF-2.0
  license_family: PSF
  size: 8315491
  timestamp: 1777001530326
- conda: https://conda.anaconda.org/conda-forge/noarch/munkres-1.1.4-pyhd8ed1ab_1.conda
  sha256: d09c47c2cf456de5c09fa66d2c3c5035aa1fa228a1983a433c47b876aa16ce90
  md5: 37293a85a0f4f77bbd9cf7aaefc62609
  depends:
  - python >=3.9
  license: Apache-2.0
  license_family: Apache
  size: 15851
  timestamp: 1749895533014
- conda: https://conda.anaconda.org/conda-forge/osx-arm64/ncurses-6.6-h1d4f5a5_0.conda
  sha256: 4ea6c620b87bd1d42bb2ccc2c87cd2483fa2d7f9e905b14c223f11ff3f4c455d
  md5: 343d10ed5b44030a2f67193905aea159
  depends:
  - __osx >=11.0
  arch: arm64
  platform: osx
  license: X11 AND BSD-3-Clause
  size: 805509
  timestamp: 1777423252320
- conda: https://conda.anaconda.org/conda-forge/osx-arm64/numpy-2.4.6-py314hb79c6fa_0.conda
  sha256: 538064b78042cd2751664f00c6255ecce81b38e9fa6dd9c1863327e6c759ed4a
  md5: e64e47cb372d92e3425816a2918f4605
  depends:
  - python
  - __osx >=11.0
  - libcxx >=19
  - libblas >=3.9.0,<4.0a0
  - python_abi 3.14.* *_cp314
  - liblapack >=3.9.0,<4.0a0
  - libcblas >=3.9.0,<4.0a0
  constrains:
  - numpy-base <0a0
  arch: arm64
  platform: osx
  license: BSD-3-Clause
  size: 6995531
  timestamp: 1779169217034
- conda: https://conda.anaconda.org/conda-forge/osx-arm64/openjpeg-2.5.4-hd9e9057_0.conda
  sha256: 60aca8b9f94d06b852b296c276b3cf0efba5a6eb9f25feb8708570d3a74f00e4
  md5: 4b5d3a91320976eec71678fad1e3569b
  depends:
  - __osx >=11.0
  - libcxx >=19
  - libpng >=1.6.55,<1.7.0a0
  - libtiff >=4.7.1,<4.8.0a0
  - libzlib >=1.3.1,<2.0a0
  arch: arm64
  platform: osx
  license: BSD-2-Clause
  license_family: BSD
  size: 319697
  timestamp: 1772625397692
- conda: https://conda.anaconda.org/conda-forge/osx-arm64/openssl-3.5.6-hd24854e_0.conda
  sha256: 71b821253b4fe2da3462d31e15294207c34218da9f3acff3b01657901c8ec6a8
  md5: d8dadb680a734b6920a35359a8acafa8
  depends:
  - __osx >=11.0
  - ca-certificates
  arch: arm64
  platform: osx
  license: Apache-2.0
  license_family: Apache
  size: 3063111
  timestamp: 1775601980999
- conda: https://conda.anaconda.org/conda-forge/noarch/packaging-26.2-pyhc364b38_0.conda
  sha256: 3906abfb6511a3bb309e39b9b1b7bc38f50a723971de2395489fd1f379255890
  md5: 4c06a92e74452cfa53623a81592e8934
  depends:
  - python >=3.8
  - python
  license: Apache-2.0
  license_family: APACHE
  size: 91574
  timestamp: 1777103621679
- conda: https://conda.anaconda.org/conda-forge/osx-arm64/pillow-12.2.0-py314hab283cf_0.conda
  sha256: 3d8a86c8cf69ea4bdfeaa3e89e7218bcdc1522e58c9c6298263bfede8ab48cee
  md5: adf49537da0e0c34cf735e71fe579506
  depends:
  - python
  - __osx >=11.0
  - python 3.14.* *_cp314
  - tk >=8.6.13,<8.7.0a0
  - openjpeg >=2.5.4,<3.0a0
  - libxcb >=1.17.0,<2.0a0
  - libwebp-base >=1.6.0,<2.0a0
  - libfreetype >=2.14.3
  - libfreetype6 >=2.14.3
  - python_abi 3.14.* *_cp314
  - libtiff >=4.7.1,<4.8.0a0
  - libjpeg-turbo >=3.1.2,<4.0a0
  - zlib-ng >=2.3.3,<2.4.0a0
  - lcms2 >=2.18,<3.0a0
  arch: arm64
  platform: osx
  license: HPND
  size: 1006294
  timestamp: 1775060469004
- conda: https://conda.anaconda.org/conda-forge/osx-arm64/pthread-stubs-0.4-hd74edd7_1002.conda
  sha256: 8ed65e17fbb0ca944bfb8093b60086e3f9dd678c3448b5de212017394c247ee3
  md5: 415816daf82e0b23a736a069a75e9da7
  depends:
  - __osx >=11.0
  arch: arm64
  platform: osx
  license: MIT
  license_family: MIT
  size: 8381
  timestamp: 1726802424786
- conda: https://conda.anaconda.org/conda-forge/noarch/pyparsing-3.3.2-pyhcf101f3_0.conda
  sha256: 417fba4783e528ee732afa82999300859b065dc59927344b4859c64aae7182de
  md5: 3687cc0b82a8b4c17e1f0eb7e47163d5
  depends:
  - python >=3.10
  - python
  license: MIT
  license_family: MIT
  size: 110893
  timestamp: 1769003998136
- conda: https://conda.anaconda.org/conda-forge/osx-arm64/python-3.14.4-h4c637c5_100_cp314.conda
  build_number: 100
  sha256: 27e7d6cbe021f37244b643f06a98e46767255f7c2907108dd3736f042757ddad
  md5: e1bc5a3015a4bbeb304706dba5a32b7f
  depends:
  - __osx >=11.0
  - bzip2 >=1.0.8,<2.0a0
  - libexpat >=2.7.5,<3.0a0
  - libffi >=3.5.2,<3.6.0a0
  - liblzma >=5.8.2,<6.0a0
  - libmpdec >=4.0.0,<5.0a0
  - libsqlite >=3.52.0,<4.0a0
  - libzlib >=1.3.2,<2.0a0
  - ncurses >=6.5,<7.0a0
  - openssl >=3.5.6,<4.0a0
  - python_abi 3.14.* *_cp314
  - readline >=8.3,<9.0a0
  - tk >=8.6.13,<8.7.0a0
  - tzdata
  - zstd >=1.5.7,<1.6.0a0
  arch: arm64
  platform: osx
  license: Python-2.0
  size: 13533346
  timestamp: 1775616188373
  python_site_packages_path: lib/python3.14/site-packages
- conda: https://conda.anaconda.org/conda-forge/noarch/python-dateutil-2.9.0.post0-pyhe01879c_2.conda
  sha256: d6a17ece93bbd5139e02d2bd7dbfa80bee1a4261dced63f65f679121686bf664
  md5: 5b8d21249ff20967101ffa321cab24e8
  depends:
  - python >=3.9
  - six >=1.5
  - python
  license: Apache-2.0
  license_family: APACHE
  size: 233310
  timestamp: 1751104122689
- conda: https://conda.anaconda.org/conda-forge/noarch/python_abi-3.14-8_cp314.conda
  build_number: 8
  sha256: ad6d2e9ac39751cc0529dd1566a26751a0bf2542adb0c232533d32e176e21db5
  md5: 0539938c55b6b1a59b560e843ad864a4
  constrains:
  - python 3.14.* *_cp314
  license: BSD-3-Clause
  license_family: BSD
  size: 6989
  timestamp: 1752805904792
- conda: https://conda.anaconda.org/conda-forge/osx-arm64/qhull-2020.2-h420ef59_5.conda
  sha256: 873ac689484262a51fd79bc6103c1a1bedbf524924d7f0088fb80703042805e4
  md5: 6483b1f59526e05d7d894e466b5b6924
  depends:
  - __osx >=11.0
  - libcxx >=16
  arch: arm64
  platform: osx
  license: LicenseRef-Qhull
  size: 516376
  timestamp: 1720814307311
- conda: https://conda.anaconda.org/conda-forge/osx-arm64/readline-8.3-h46df422_0.conda
  sha256: a77010528efb4b548ac2a4484eaf7e1c3907f2aec86123ed9c5212ae44502477
  md5: f8381319127120ce51e081dce4865cf4
  depends:
  - __osx >=11.0
  - ncurses >=6.5,<7.0a0
  arch: arm64
  platform: osx
  license: GPL-3.0-only
  license_family: GPL
  size: 313930
  timestamp: 1765813902568
- conda: https://conda.anaconda.org/conda-forge/noarch/six-1.17.0-pyhe01879c_1.conda
  sha256: 458227f759d5e3fcec5d9b7acce54e10c9e1f4f4b7ec978f3bfd54ce4ee9853d
  md5: 3339e3b65d58accf4ca4fb8748ab16b3
  depends:
  - python >=3.9
  - python
  license: MIT
  license_family: MIT
  size: 18455
  timestamp: 1753199211006
- conda: https://conda.anaconda.org/conda-forge/osx-arm64/tk-8.6.13-h010d191_3.conda
  sha256: 799cab4b6cde62f91f750149995d149bc9db525ec12595e8a1d91b9317f038b3
  md5: a9d86bc62f39b94c4661716624eb21b0
  depends:
  - __osx >=11.0
  - libzlib >=1.3.1,<2.0a0
  arch: arm64
  platform: osx
  license: TCL
  license_family: BSD
  size: 3127137
  timestamp: 1769460817696
- conda: https://conda.anaconda.org/conda-forge/osx-arm64/tornado-6.5.5-py314h6c2aa35_0.conda
  sha256: 4ccc4a20d676c0ba85adee9c99015bec7f5b685df0cf8006e34573f1d6c2ce75
  md5: 3f81f8b2fe2c26a82c0abf57ab2b9610
  depends:
  - __osx >=11.0
  - python >=3.14,<3.15.0a0
  - python >=3.14,<3.15.0a0 *_cp314
  - python_abi 3.14.* *_cp314
  arch: arm64
  platform: osx
  license: Apache-2.0
  license_family: Apache
  size: 910845
  timestamp: 1774358965067
- conda: https://conda.anaconda.org/conda-forge/noarch/tzdata-2025c-hc9c84f9_1.conda
  sha256: 1d30098909076af33a35017eed6f2953af1c769e273a0626a04722ac4acaba3c
  md5: ad659d0a2b3e47e38d829aa8cad2d610
  license: LicenseRef-Public-Domain
  size: 119135
  timestamp: 1767016325805
- conda: https://conda.anaconda.org/conda-forge/osx-arm64/unicodedata2-17.0.1-py314h6c2aa35_0.conda
  sha256: 09bfbee5a2bcf4df06f21a2aa9eb40a7af97864a569beb5ea85fd6baf6e03ce7
  md5: 4fffb3ba871bb05f34ffb705534dfef5
  depends:
  - __osx >=11.0
  - python >=3.14,<3.15.0a0
  - python >=3.14,<3.15.0a0 *_cp314
  - python_abi 3.14.* *_cp314
  arch: arm64
  platform: osx
  license: Apache-2.0
  license_family: Apache
  size: 416130
  timestamp: 1770909728445
- conda: https://conda.anaconda.org/conda-forge/osx-arm64/xorg-libxau-1.0.12-hc919400_1.conda
  sha256: adae11db0f66f86156569415ed79cda75b2dbf4bea48d1577831db701438164f
  md5: 78b548eed8227a689f93775d5d23ae09
  depends:
  - __osx >=11.0
  arch: arm64
  platform: osx
  license: MIT
  license_family: MIT
  size: 14105
  timestamp: 1762976976084
- conda: https://conda.anaconda.org/conda-forge/osx-arm64/xorg-libxdmcp-1.1.5-hc919400_1.conda
  sha256: f7fa0de519d8da589995a1fe78ef74556bb8bc4172079ae3a8d20c3c81354906
  md5: 9d1299ace1924aa8f4e0bc8e71dd0cf7
  depends:
  - __osx >=11.0
  arch: arm64
  platform: osx
  license: MIT
  license_family: MIT
  size: 19156
  timestamp: 1762977035194
- conda: https://conda.anaconda.org/conda-forge/osx-arm64/zlib-ng-2.3.3-hed4e4f5_1.conda
  sha256: a339606a6b224bb230ff3d711e801934f3b3844271df9720165e0353716580d4
  md5: d99c2a23a31b0172e90f456f580b695e
  depends:
  - __osx >=11.0
  - libcxx >=19
  arch: arm64
  platform: osx
  license: Zlib
  license_family: Other
  size: 94375
  timestamp: 1770168363685
- conda: https://conda.anaconda.org/conda-forge/osx-arm64/zstd-1.5.7-hbf9d68e_6.conda
  sha256: 9485ba49e8f47d2b597dd399e88f4802e100851b27c21d7525625b0b4025a5d9
  md5: ab136e4c34e97f34fb621d2592a393d8
  depends:
  - __osx >=11.0
  - libzlib >=1.3.1,<2.0a0
  arch: arm64
  platform: osx
  license: BSD-3-Clause
  license_family: BSD
  size: 433413
  timestamp: 1764777166076
